
Microsoft Visual Studio Solution File, Format Version 10.00
# Visual Studio 2008
Project("{FAE04EC0-301F-11D3-BF4B-00C04F79EFBC}") = "Silkveil.Net.Prototype.ConsoleTest", "Silkveil.Net.Prototype.ConsoleTest\Silkveil.Net.Prototype.ConsoleTest.csproj", "{47132EA2-B780-4F90-873D-4BACFF6BDC73}"
EndProject
Project("{FAE04EC0-301F-11D3-BF4B-00C04F79EFBC}") = "Silkveil.Net.Prototype", "Silkveil.Net.Prototype\Silkveil.Net.Prototype.csproj", "{027641E3-5822-45BD-89C8-BF2BF32D8E79}"
EndProject
Global
	GlobalSection(SolutionConfigurationPlatforms) = preSolution
		Debug|Any CPU = Debug|Any CPU
		Release|Any CPU = Release|Any CPU
	EndGlobalSection
	GlobalSection(ProjectConfigurationPlatforms) = postSolution
		{47132EA2-B780-4F90-873D-4BACFF6BDC73}.Debug|Any CPU.ActiveCfg = Debug|Any CPU
		{47132EA2-B780-4F90-873D-4BACFF6BDC73}.Debug|Any CPU.Build.0 = Debug|Any CPU
		{47132EA2-B780-4F90-873D-4BACFF6BDC73}.Release|Any CPU.ActiveCfg = Release|Any CPU
		{47132EA2-B780-4F90-873D-4BACFF6BDC73}.Release|Any CPU.Build.0 = Release|Any CPU
		{027641E3-5822-45BD-89C8-BF2BF32D8E79}.Debug|Any CPU.ActiveCfg = Debug|Any CPU
		{027641E3-5822-45BD-89C8-BF2BF32D8E79}.Debug|Any CPU.Build.0 = Debug|Any CPU
		{027641E3-5822-45BD-89C8-BF2BF32D8E79}.Release|Any CPU.ActiveCfg = Release|Any CPU
		{027641E3-5822-45BD-89C8-BF2BF32D8E79}.Release|Any CPU.Build.0 = Release|Any CPU
	EndGlobalSection
	GlobalSection(SolutionProperties) = preSolution
		HideSolutionNode = FALSE
	EndGlobalSection
EndGlobal
